
Microsoft Visual Studio Solution File, Format Version 12.00
# Visual Studio 15
VisualStudioVersion = 15.0.27703.2042
MinimumVisualStudioVersion = 10.0.40219.1
Project("{FAE04EC0-301F-11D3-BF4B-00C04F79EFBC}") = "GUI", "QLSV_DEMO\GUI.csproj", "{8ADFECC6-2D4B-48EC-83D7-B39AF942C622}"
EndProject
Project("{FAE04EC0-301F-11D3-BF4B-00C04F79EFBC}") = "BAL", "BAL\BAL.csproj", "{050E4658-D800-4D9C-B61D-A45CD3CC8213}"
EndProject
Project("{FAE04EC0-301F-11D3-BF4B-00C04F79EFBC}") = "DAL", "DAL\DAL.csproj", "{F400916B-0E4D-4F48-B4E1-FEF44B54B82F}"
EndProject
Global
	GlobalSection(SolutionConfigurationPlatforms) = preSolution
		Debug|Any CPU = Debug|Any CPU
		Release|Any CPU = Release|Any CPU
	EndGlobalSection
	GlobalSection(ProjectConfigurationPlatforms) = postSolution
		{8ADFECC6-2D4B-48EC-83D7-B39AF942C622}.Debug|Any CPU.ActiveCfg = Debug|Any CPU
		{8ADFECC6-2D4B-48EC-83D7-B39AF942C622}.Debug|Any CPU.Build.0 = Debug|Any CPU
		{8ADFECC6-2D4B-48EC-83D7-B39AF942C622}.Release|Any CPU.ActiveCfg = Release|Any CPU
		{8ADFECC6-2D4B-48EC-83D7-B39AF942C622}.Release|Any CPU.Build.0 = Release|Any CPU
		{050E4658-D800-4D9C-B61D-A45CD3CC8213}.Debug|Any CPU.ActiveCfg = Debug|Any CPU
		{050E4658-D800-4D9C-B61D-A45CD3CC8213}.Debug|Any CPU.Build.0 = Debug|Any CPU
		{050E4658-D800-4D9C-B61D-A45CD3CC8213}.Release|Any CPU.ActiveCfg = Release|Any CPU
		{050E4658-D800-4D9C-B61D-A45CD3CC8213}.Release|Any CPU.Build.0 = Release|Any CPU
		{F400916B-0E4D-4F48-B4E1-FEF44B54B82F}.Debug|Any CPU.ActiveCfg = Debug|Any CPU
		{F400916B-0E4D-4F48-B4E1-FEF44B54B82F}.Debug|Any CPU.Build.0 = Debug|Any CPU
		{F400916B-0E4D-4F48-B4E1-FEF44B54B82F}.Release|Any CPU.ActiveCfg = Release|Any CPU
		{F400916B-0E4D-4F48-B4E1-FEF44B54B82F}.Release|Any CPU.Build.0 = Release|Any CPU
	EndGlobalSection
	GlobalSection(SolutionProperties) = preSolution
		HideSolutionNode = FALSE
	EndGlobalSection
	GlobalSection(ExtensibilityGlobals) = postSolution
		SolutionGuid = {068E10F6-1822-4392-B773-75028A5F8EA7}
	EndGlobalSection
EndGlobal
